
Microsoft Visual Studio Solution File, Format Version 12.00
# Visual Studio Version 17
VisualStudioVersion = 17.4.33205.214
MinimumVisualStudioVersion = 10.0.40219.1
Project("{888888A0-9F3D-457C-B088-3A5042F75D52}") = "4A", "4A\4A.pyproj", "{3B489DFB-8458-4D94-AB7B-59FDA9DB46D3}"
EndProject
Project("{888888A0-9F3D-457C-B088-3A5042F75D52}") = "71A", "71A\71A.pyproj", "{A3D56F6F-DCD0-4E48-9B5F-048BEE8B7CA8}"
EndProject
Global
	GlobalSection(SolutionConfigurationPlatforms) = preSolution
		Debug|Any CPU = Debug|Any CPU
		Release|Any CPU = Release|Any CPU
	EndGlobalSection
	GlobalSection(ProjectConfigurationPlatforms) = postSolution
		{3B489DFB-8458-4D94-AB7B-59FDA9DB46D3}.Debug|Any CPU.ActiveCfg = Debug|Any CPU
		{3B489DFB-8458-4D94-AB7B-59FDA9DB46D3}.Release|Any CPU.ActiveCfg = Release|Any CPU
		{A3D56F6F-DCD0-4E48-9B5F-048BEE8B7CA8}.Debug|Any CPU.ActiveCfg = Debug|Any CPU
		{A3D56F6F-DCD0-4E48-9B5F-048BEE8B7CA8}.Release|Any CPU.ActiveCfg = Release|Any CPU
	EndGlobalSection
	GlobalSection(SolutionProperties) = preSolution
		HideSolutionNode = FALSE
	EndGlobalSection
	GlobalSection(ExtensibilityGlobals) = postSolution
		SolutionGuid = {14E3D041-9480-4A95-9664-92CD170ED889}
	EndGlobalSection
EndGlobal
