
Microsoft Visual Studio Solution File, Format Version 12.00
# Visual Studio Version 17
VisualStudioVersion = 17.4.33205.214
MinimumVisualStudioVersion = 10.0.40219.1
Project("{888888A0-9F3D-457C-B088-3A5042F75D52}") = "4A", "4A\4A.pyproj", "{D4BC2864-60BD-4E52-9981-912930F2E0E5}"
EndProject
Project("{888888A0-9F3D-457C-B088-3A5042F75D52}") = "71A", "71A\71A.pyproj", "{FA809DB4-331C-44A6-8432-79FBB7753309}"
EndProject
Project("{888888A0-9F3D-457C-B088-3A5042F75D52}") = "158A", "158A\158A.pyproj", "{20B8CA0D-D786-48AB-A619-1B2DCABC825A}"
EndProject
Project("{888888A0-9F3D-457C-B088-3A5042F75D52}") = "50A", "50A\50A.pyproj", "{CDAFF148-51D6-4333-AD54-89648A4DD645}"
EndProject
Project("{888888A0-9F3D-457C-B088-3A5042F75D52}") = "231A", "231A\231A.pyproj", "{20BDC227-8A72-49A5-B2B6-D502C0750294}"
EndProject
Project("{888888A0-9F3D-457C-B088-3A5042F75D52}") = "1A", "1A\1A.pyproj", "{BB476258-9A49-4F43-91B8-DC280EA9642D}"
EndProject
Project("{888888A0-9F3D-457C-B088-3A5042F75D52}") = "69A", "69A\69A.pyproj", "{8FD42C35-C2EC-43C8-899D-6E712063F3BC}"
EndProject
Project("{888888A0-9F3D-457C-B088-3A5042F75D52}") = "118A", "118A\118A.pyproj", "{D0878B27-D079-4898-96F7-F0D705FC38FB}"
EndProject
Project("{888888A0-9F3D-457C-B088-3A5042F75D52}") = "282A", "282A\282A.pyproj", "{43B4D6BB-839A-488F-8F73-6000B05704D4}"
EndProject
Project("{888888A0-9F3D-457C-B088-3A5042F75D52}") = "263A", "263A\263A.pyproj", "{78378274-9E91-47EC-94F3-0D74ECF53F8D}"
EndProject
Project("{888888A0-9F3D-457C-B088-3A5042F75D52}") = "96A", "96A\96A.pyproj", "{234C4096-E30C-436F-8519-1AE05F36998D}"
EndProject
Project("{888888A0-9F3D-457C-B088-3A5042F75D52}") = "58A", "58A\58A.pyproj", "{42414353-7968-4050-A829-09D4482C37D6}"
EndProject
Project("{888888A0-9F3D-457C-B088-3A5042F75D52}") = "122A", "122A\122A.pyproj", "{3ECBB691-8A85-49A5-82A3-4037E8D8ED33}"
EndProject
Project("{888888A0-9F3D-457C-B088-3A5042F75D52}") = "977A", "977A\977A.pyproj", "{8EAB6123-13C4-45B0-BDD8-A3D91CE1FC72}"
EndProject
Project("{888888A0-9F3D-457C-B088-3A5042F75D52}") = "112A", "112\112A.pyproj", "{3D2D44A0-0A6E-4465-A087-75B728A3C92E}"
EndProject
Project("{888888A0-9F3D-457C-B088-3A5042F75D52}") = "339A", "339A\339A.pyproj", "{D7A83486-AB20-41C5-85CA-69B5122AC9AA}"
EndProject
Project("{888888A0-9F3D-457C-B088-3A5042F75D52}") = "281A", "281A\281A.pyproj", "{12D5ACB7-B4B3-4B68-9117-394EC709FA19}"
EndProject
Project("{888888A0-9F3D-457C-B088-3A5042F75D52}") = "236A", "236A\236A.pyproj", "{174C5C14-A273-44D7-9902-F6A233098723}"
EndProject
Project("{888888A0-9F3D-457C-B088-3A5042F75D52}") = "266A", "266A\266A.pyproj", "{1DBDF31D-56A6-47B5-8221-35A5E4FF3818}"
EndProject
Project("{888888A0-9F3D-457C-B088-3A5042F75D52}") = "791A", "791A\791A.pyproj", "{103968D0-04D7-4F22-BEC5-3AD53B5D9E9F}"
EndProject
Project("{888888A0-9F3D-457C-B088-3A5042F75D52}") = "546A", "546A\546A.pyproj", "{2C2482DD-1473-42EB-A0F6-7D0F9FA4B785}"
EndProject
Project("{888888A0-9F3D-457C-B088-3A5042F75D52}") = "617A", "617A\617A.pyproj", "{3D2A4333-4689-42B3-8D79-F7973FEB3919}"
EndProject
Project("{888888A0-9F3D-457C-B088-3A5042F75D52}") = "59A", "59A\59A.pyproj", "{4AA845C1-EF96-4E1B-8B47-1C3C284F824D}"
EndProject
Project("{888888A0-9F3D-457C-B088-3A5042F75D52}") = "110A", "110A\110A.pyproj", "{5B793A7B-0786-4492-AF39-5453880C8A9F}"
EndProject
Project("{888888A0-9F3D-457C-B088-3A5042F75D52}") = "734A", "734A\734A.pyproj", "{59F61E6C-237E-4047-AF03-264A368C09EC}"
EndProject
Project("{888888A0-9F3D-457C-B088-3A5042F75D52}") = "116A", "116A\116A.pyproj", "{35603871-C06F-496B-A32E-1D053A727567}"
EndProject
Project("{888888A0-9F3D-457C-B088-3A5042F75D52}") = "41A", "41A\41A.pyproj", "{AEC320C3-A6BA-426E-B60B-D9A620415543}"
EndProject
Project("{8BC9CEB8-8B4A-11D0-8D11-00A0C91BC942}") = "266B", "266B\266B.vcxproj", "{C0513120-9A04-4418-88B9-1258FFA4CC4E}"
EndProject
Project("{8BC9CEB8-8B4A-11D0-8D11-00A0C91BC942}") = "677A", "677A\677A.vcxproj", "{5F4D91C8-BE4E-400E-BAE8-F728B4DA9AF1}"
EndProject
Project("{8BC9CEB8-8B4A-11D0-8D11-00A0C91BC942}") = "271A", "271A\271A.vcxproj", "{34536CCB-CCE6-480F-9508-FCEE40306FA2}"
EndProject
Project("{888888A0-9F3D-457C-B088-3A5042F75D52}") = "1030A", "1030A\1030A.pyproj", "{4068DAD3-F36F-4A65-AB7D-6ADDE58DEB7B}"
EndProject
Project("{888888A0-9F3D-457C-B088-3A5042F75D52}") = "160A", "160A\160A.pyproj", "{D4888470-6768-4C6A-8C5A-E5F7FE0A35B1}"
EndProject
Project("{888888A0-9F3D-457C-B088-3A5042F75D52}") = "467A", "467A\467A.pyproj", "{B8D3CA4E-1494-4320-8289-67195A8E1D3C}"
EndProject
Global
	GlobalSection(SolutionConfigurationPlatforms) = preSolution
		Debug|Any CPU = Debug|Any CPU
		Debug|x64 = Debug|x64
		Debug|x86 = Debug|x86
		Release|Any CPU = Release|Any CPU
		Release|x64 = Release|x64
		Release|x86 = Release|x86
	EndGlobalSection
	GlobalSection(ProjectConfigurationPlatforms) = postSolution
		{D4BC2864-60BD-4E52-9981-912930F2E0E5}.Debug|Any CPU.ActiveCfg = Debug|Any CPU
		{D4BC2864-60BD-4E52-9981-912930F2E0E5}.Debug|x64.ActiveCfg = Debug|Any CPU
		{D4BC2864-60BD-4E52-9981-912930F2E0E5}.Debug|x86.ActiveCfg = Debug|Any CPU
		{D4BC2864-60BD-4E52-9981-912930F2E0E5}.Release|Any CPU.ActiveCfg = Release|Any CPU
		{D4BC2864-60BD-4E52-9981-912930F2E0E5}.Release|x64.ActiveCfg = Release|Any CPU
		{D4BC2864-60BD-4E52-9981-912930F2E0E5}.Release|x86.ActiveCfg = Release|Any CPU
		{FA809DB4-331C-44A6-8432-79FBB7753309}.Debug|Any CPU.ActiveCfg = Debug|Any CPU
		{FA809DB4-331C-44A6-8432-79FBB7753309}.Debug|x64.ActiveCfg = Debug|Any CPU
		{FA809DB4-331C-44A6-8432-79FBB7753309}.Debug|x86.ActiveCfg = Debug|Any CPU
		{FA809DB4-331C-44A6-8432-79FBB7753309}.Release|Any CPU.ActiveCfg = Release|Any CPU
		{FA809DB4-331C-44A6-8432-79FBB7753309}.Release|x64.ActiveCfg = Release|Any CPU
		{FA809DB4-331C-44A6-8432-79FBB7753309}.Release|x86.ActiveCfg = Release|Any CPU
		{20B8CA0D-D786-48AB-A619-1B2DCABC825A}.Debug|Any CPU.ActiveCfg = Debug|Any CPU
		{20B8CA0D-D786-48AB-A619-1B2DCABC825A}.Debug|x64.ActiveCfg = Debug|Any CPU
		{20B8CA0D-D786-48AB-A619-1B2DCABC825A}.Debug|x86.ActiveCfg = Debug|Any CPU
		{20B8CA0D-D786-48AB-A619-1B2DCABC825A}.Release|Any CPU.ActiveCfg = Release|Any CPU
		{20B8CA0D-D786-48AB-A619-1B2DCABC825A}.Release|x64.ActiveCfg = Release|Any CPU
		{20B8CA0D-D786-48AB-A619-1B2DCABC825A}.Release|x86.ActiveCfg = Release|Any CPU
		{CDAFF148-51D6-4333-AD54-89648A4DD645}.Debug|Any CPU.ActiveCfg = Debug|Any CPU
		{CDAFF148-51D6-4333-AD54-89648A4DD645}.Debug|x64.ActiveCfg = Debug|Any CPU
		{CDAFF148-51D6-4333-AD54-89648A4DD645}.Debug|x86.ActiveCfg = Debug|Any CPU
		{CDAFF148-51D6-4333-AD54-89648A4DD645}.Release|Any CPU.ActiveCfg = Release|Any CPU
		{CDAFF148-51D6-4333-AD54-89648A4DD645}.Release|x64.ActiveCfg = Release|Any CPU
		{CDAFF148-51D6-4333-AD54-89648A4DD645}.Release|x86.ActiveCfg = Release|Any CPU
		{20BDC227-8A72-49A5-B2B6-D502C0750294}.Debug|Any CPU.ActiveCfg = Debug|Any CPU
		{20BDC227-8A72-49A5-B2B6-D502C0750294}.Debug|x64.ActiveCfg = Debug|Any CPU
		{20BDC227-8A72-49A5-B2B6-D502C0750294}.Debug|x86.ActiveCfg = Debug|Any CPU
		{20BDC227-8A72-49A5-B2B6-D502C0750294}.Release|Any CPU.ActiveCfg = Release|Any CPU
		{20BDC227-8A72-49A5-B2B6-D502C0750294}.Release|x64.ActiveCfg = Release|Any CPU
		{20BDC227-8A72-49A5-B2B6-D502C0750294}.Release|x86.ActiveCfg = Release|Any CPU
		{BB476258-9A49-4F43-91B8-DC280EA9642D}.Debug|Any CPU.ActiveCfg = Debug|Any CPU
		{BB476258-9A49-4F43-91B8-DC280EA9642D}.Debug|x64.ActiveCfg = Debug|Any CPU
		{BB476258-9A49-4F43-91B8-DC280EA9642D}.Debug|x86.ActiveCfg = Debug|Any CPU
		{BB476258-9A49-4F43-91B8-DC280EA9642D}.Release|Any CPU.ActiveCfg = Release|Any CPU
		{BB476258-9A49-4F43-91B8-DC280EA9642D}.Release|x64.ActiveCfg = Release|Any CPU
		{BB476258-9A49-4F43-91B8-DC280EA9642D}.Release|x86.ActiveCfg = Release|Any CPU
		{8FD42C35-C2EC-43C8-899D-6E712063F3BC}.Debug|Any CPU.ActiveCfg = Debug|Any CPU
		{8FD42C35-C2EC-43C8-899D-6E712063F3BC}.Debug|x64.ActiveCfg = Debug|Any CPU
		{8FD42C35-C2EC-43C8-899D-6E712063F3BC}.Debug|x86.ActiveCfg = Debug|Any CPU
		{8FD42C35-C2EC-43C8-899D-6E712063F3BC}.Release|Any CPU.ActiveCfg = Release|Any CPU
		{8FD42C35-C2EC-43C8-899D-6E712063F3BC}.Release|x64.ActiveCfg = Release|Any CPU
		{8FD42C35-C2EC-43C8-899D-6E712063F3BC}.Release|x86.ActiveCfg = Release|Any CPU
		{D0878B27-D079-4898-96F7-F0D705FC38FB}.Debug|Any CPU.ActiveCfg = Debug|Any CPU
		{D0878B27-D079-4898-96F7-F0D705FC38FB}.Debug|x64.ActiveCfg = Debug|Any CPU
		{D0878B27-D079-4898-96F7-F0D705FC38FB}.Debug|x86.ActiveCfg = Debug|Any CPU
		{D0878B27-D079-4898-96F7-F0D705FC38FB}.Release|Any CPU.ActiveCfg = Release|Any CPU
		{D0878B27-D079-4898-96F7-F0D705FC38FB}.Release|x64.ActiveCfg = Release|Any CPU
		{D0878B27-D079-4898-96F7-F0D705FC38FB}.Release|x86.ActiveCfg = Release|Any CPU
		{43B4D6BB-839A-488F-8F73-6000B05704D4}.Debug|Any CPU.ActiveCfg = Debug|Any CPU
		{43B4D6BB-839A-488F-8F73-6000B05704D4}.Debug|x64.ActiveCfg = Debug|Any CPU
		{43B4D6BB-839A-488F-8F73-6000B05704D4}.Debug|x86.ActiveCfg = Debug|Any CPU
		{43B4D6BB-839A-488F-8F73-6000B05704D4}.Release|Any CPU.ActiveCfg = Release|Any CPU
		{43B4D6BB-839A-488F-8F73-6000B05704D4}.Release|x64.ActiveCfg = Release|Any CPU
		{43B4D6BB-839A-488F-8F73-6000B05704D4}.Release|x86.ActiveCfg = Release|Any CPU
		{78378274-9E91-47EC-94F3-0D74ECF53F8D}.Debug|Any CPU.ActiveCfg = Debug|Any CPU
		{78378274-9E91-47EC-94F3-0D74ECF53F8D}.Debug|x64.ActiveCfg = Debug|Any CPU
		{78378274-9E91-47EC-94F3-0D74ECF53F8D}.Debug|x86.ActiveCfg = Debug|Any CPU
		{78378274-9E91-47EC-94F3-0D74ECF53F8D}.Release|Any CPU.ActiveCfg = Release|Any CPU
		{78378274-9E91-47EC-94F3-0D74ECF53F8D}.Release|x64.ActiveCfg = Release|Any CPU
		{78378274-9E91-47EC-94F3-0D74ECF53F8D}.Release|x86.ActiveCfg = Release|Any CPU
		{234C4096-E30C-436F-8519-1AE05F36998D}.Debug|Any CPU.ActiveCfg = Debug|Any CPU
		{234C4096-E30C-436F-8519-1AE05F36998D}.Debug|x64.ActiveCfg = Debug|Any CPU
		{234C4096-E30C-436F-8519-1AE05F36998D}.Debug|x86.ActiveCfg = Debug|Any CPU
		{234C4096-E30C-436F-8519-1AE05F36998D}.Release|Any CPU.ActiveCfg = Release|Any CPU
		{234C4096-E30C-436F-8519-1AE05F36998D}.Release|x64.ActiveCfg = Release|Any CPU
		{234C4096-E30C-436F-8519-1AE05F36998D}.Release|x86.ActiveCfg = Release|Any CPU
		{42414353-7968-4050-A829-09D4482C37D6}.Debug|Any CPU.ActiveCfg = Debug|Any CPU
		{42414353-7968-4050-A829-09D4482C37D6}.Debug|x64.ActiveCfg = Debug|Any CPU
		{42414353-7968-4050-A829-09D4482C37D6}.Debug|x86.ActiveCfg = Debug|Any CPU
		{42414353-7968-4050-A829-09D4482C37D6}.Release|Any CPU.ActiveCfg = Release|Any CPU
		{42414353-7968-4050-A829-09D4482C37D6}.Release|x64.ActiveCfg = Release|Any CPU
		{42414353-7968-4050-A829-09D4482C37D6}.Release|x86.ActiveCfg = Release|Any CPU
		{3ECBB691-8A85-49A5-82A3-4037E8D8ED33}.Debug|Any CPU.ActiveCfg = Debug|Any CPU
		{3ECBB691-8A85-49A5-82A3-4037E8D8ED33}.Debug|x64.ActiveCfg = Debug|Any CPU
		{3ECBB691-8A85-49A5-82A3-4037E8D8ED33}.Debug|x86.ActiveCfg = Debug|Any CPU
		{3ECBB691-8A85-49A5-82A3-4037E8D8ED33}.Release|Any CPU.ActiveCfg = Release|Any CPU
		{3ECBB691-8A85-49A5-82A3-4037E8D8ED33}.Release|x64.ActiveCfg = Release|Any CPU
		{3ECBB691-8A85-49A5-82A3-4037E8D8ED33}.Release|x86.ActiveCfg = Release|Any CPU
		{8EAB6123-13C4-45B0-BDD8-A3D91CE1FC72}.Debug|Any CPU.ActiveCfg = Debug|Any CPU
		{8EAB6123-13C4-45B0-BDD8-A3D91CE1FC72}.Debug|x64.ActiveCfg = Debug|Any CPU
		{8EAB6123-13C4-45B0-BDD8-A3D91CE1FC72}.Debug|x86.ActiveCfg = Debug|Any CPU
		{8EAB6123-13C4-45B0-BDD8-A3D91CE1FC72}.Release|Any CPU.ActiveCfg = Release|Any CPU
		{8EAB6123-13C4-45B0-BDD8-A3D91CE1FC72}.Release|x64.ActiveCfg = Release|Any CPU
		{8EAB6123-13C4-45B0-BDD8-A3D91CE1FC72}.Release|x86.ActiveCfg = Release|Any CPU
		{3D2D44A0-0A6E-4465-A087-75B728A3C92E}.Debug|Any CPU.ActiveCfg = Debug|Any CPU
		{3D2D44A0-0A6E-4465-A087-75B728A3C92E}.Debug|x64.ActiveCfg = Debug|Any CPU
		{3D2D44A0-0A6E-4465-A087-75B728A3C92E}.Debug|x86.ActiveCfg = Debug|Any CPU
		{3D2D44A0-0A6E-4465-A087-75B728A3C92E}.Release|Any CPU.ActiveCfg = Release|Any CPU
		{3D2D44A0-0A6E-4465-A087-75B728A3C92E}.Release|x64.ActiveCfg = Release|Any CPU
		{3D2D44A0-0A6E-4465-A087-75B728A3C92E}.Release|x86.ActiveCfg = Release|Any CPU
		{D7A83486-AB20-41C5-85CA-69B5122AC9AA}.Debug|Any CPU.ActiveCfg = Debug|Any CPU
		{D7A83486-AB20-41C5-85CA-69B5122AC9AA}.Debug|x64.ActiveCfg = Debug|Any CPU
		{D7A83486-AB20-41C5-85CA-69B5122AC9AA}.Debug|x86.ActiveCfg = Debug|Any CPU
		{D7A83486-AB20-41C5-85CA-69B5122AC9AA}.Release|Any CPU.ActiveCfg = Release|Any CPU
		{D7A83486-AB20-41C5-85CA-69B5122AC9AA}.Release|x64.ActiveCfg = Release|Any CPU
		{D7A83486-AB20-41C5-85CA-69B5122AC9AA}.Release|x86.ActiveCfg = Release|Any CPU
		{12D5ACB7-B4B3-4B68-9117-394EC709FA19}.Debug|Any CPU.ActiveCfg = Debug|Any CPU
		{12D5ACB7-B4B3-4B68-9117-394EC709FA19}.Debug|x64.ActiveCfg = Debug|Any CPU
		{12D5ACB7-B4B3-4B68-9117-394EC709FA19}.Debug|x86.ActiveCfg = Debug|Any CPU
		{12D5ACB7-B4B3-4B68-9117-394EC709FA19}.Release|Any CPU.ActiveCfg = Release|Any CPU
		{12D5ACB7-B4B3-4B68-9117-394EC709FA19}.Release|x64.ActiveCfg = Release|Any CPU
		{12D5ACB7-B4B3-4B68-9117-394EC709FA19}.Release|x86.ActiveCfg = Release|Any CPU
		{174C5C14-A273-44D7-9902-F6A233098723}.Debug|Any CPU.ActiveCfg = Debug|Any CPU
		{174C5C14-A273-44D7-9902-F6A233098723}.Debug|x64.ActiveCfg = Debug|Any CPU
		{174C5C14-A273-44D7-9902-F6A233098723}.Debug|x86.ActiveCfg = Debug|Any CPU
		{174C5C14-A273-44D7-9902-F6A233098723}.Release|Any CPU.ActiveCfg = Release|Any CPU
		{174C5C14-A273-44D7-9902-F6A233098723}.Release|x64.ActiveCfg = Release|Any CPU
		{174C5C14-A273-44D7-9902-F6A233098723}.Release|x86.ActiveCfg = Release|Any CPU
		{1DBDF31D-56A6-47B5-8221-35A5E4FF3818}.Debug|Any CPU.ActiveCfg = Debug|Any CPU
		{1DBDF31D-56A6-47B5-8221-35A5E4FF3818}.Debug|x64.ActiveCfg = Debug|Any CPU
		{1DBDF31D-56A6-47B5-8221-35A5E4FF3818}.Debug|x86.ActiveCfg = Debug|Any CPU
		{1DBDF31D-56A6-47B5-8221-35A5E4FF3818}.Release|Any CPU.ActiveCfg = Release|Any CPU
		{1DBDF31D-56A6-47B5-8221-35A5E4FF3818}.Release|x64.ActiveCfg = Release|Any CPU
		{1DBDF31D-56A6-47B5-8221-35A5E4FF3818}.Release|x86.ActiveCfg = Release|Any CPU
		{103968D0-04D7-4F22-BEC5-3AD53B5D9E9F}.Debug|Any CPU.ActiveCfg = Debug|Any CPU
		{103968D0-04D7-4F22-BEC5-3AD53B5D9E9F}.Debug|x64.ActiveCfg = Debug|Any CPU
		{103968D0-04D7-4F22-BEC5-3AD53B5D9E9F}.Debug|x86.ActiveCfg = Debug|Any CPU
		{103968D0-04D7-4F22-BEC5-3AD53B5D9E9F}.Release|Any CPU.ActiveCfg = Release|Any CPU
		{103968D0-04D7-4F22-BEC5-3AD53B5D9E9F}.Release|x64.ActiveCfg = Release|Any CPU
		{103968D0-04D7-4F22-BEC5-3AD53B5D9E9F}.Release|x86.ActiveCfg = Release|Any CPU
		{2C2482DD-1473-42EB-A0F6-7D0F9FA4B785}.Debug|Any CPU.ActiveCfg = Debug|Any CPU
		{2C2482DD-1473-42EB-A0F6-7D0F9FA4B785}.Debug|x64.ActiveCfg = Debug|Any CPU
		{2C2482DD-1473-42EB-A0F6-7D0F9FA4B785}.Debug|x86.ActiveCfg = Debug|Any CPU
		{2C2482DD-1473-42EB-A0F6-7D0F9FA4B785}.Release|Any CPU.ActiveCfg = Release|Any CPU
		{2C2482DD-1473-42EB-A0F6-7D0F9FA4B785}.Release|x64.ActiveCfg = Release|Any CPU
		{2C2482DD-1473-42EB-A0F6-7D0F9FA4B785}.Release|x86.ActiveCfg = Release|Any CPU
		{3D2A4333-4689-42B3-8D79-F7973FEB3919}.Debug|Any CPU.ActiveCfg = Debug|Any CPU
		{3D2A4333-4689-42B3-8D79-F7973FEB3919}.Debug|x64.ActiveCfg = Debug|Any CPU
		{3D2A4333-4689-42B3-8D79-F7973FEB3919}.Debug|x86.ActiveCfg = Debug|Any CPU
		{3D2A4333-4689-42B3-8D79-F7973FEB3919}.Release|Any CPU.ActiveCfg = Release|Any CPU
		{3D2A4333-4689-42B3-8D79-F7973FEB3919}.Release|x64.ActiveCfg = Release|Any CPU
		{3D2A4333-4689-42B3-8D79-F7973FEB3919}.Release|x86.ActiveCfg = Release|Any CPU
		{4AA845C1-EF96-4E1B-8B47-1C3C284F824D}.Debug|Any CPU.ActiveCfg = Debug|Any CPU
		{4AA845C1-EF96-4E1B-8B47-1C3C284F824D}.Debug|x64.ActiveCfg = Debug|Any CPU
		{4AA845C1-EF96-4E1B-8B47-1C3C284F824D}.Debug|x86.ActiveCfg = Debug|Any CPU
		{4AA845C1-EF96-4E1B-8B47-1C3C284F824D}.Release|Any CPU.ActiveCfg = Release|Any CPU
		{4AA845C1-EF96-4E1B-8B47-1C3C284F824D}.Release|x64.ActiveCfg = Release|Any CPU
		{4AA845C1-EF96-4E1B-8B47-1C3C284F824D}.Release|x86.ActiveCfg = Release|Any CPU
		{5B793A7B-0786-4492-AF39-5453880C8A9F}.Debug|Any CPU.ActiveCfg = Debug|Any CPU
		{5B793A7B-0786-4492-AF39-5453880C8A9F}.Debug|x64.ActiveCfg = Debug|Any CPU
		{5B793A7B-0786-4492-AF39-5453880C8A9F}.Debug|x86.ActiveCfg = Debug|Any CPU
		{5B793A7B-0786-4492-AF39-5453880C8A9F}.Release|Any CPU.ActiveCfg = Release|Any CPU
		{5B793A7B-0786-4492-AF39-5453880C8A9F}.Release|x64.ActiveCfg = Release|Any CPU
		{5B793A7B-0786-4492-AF39-5453880C8A9F}.Release|x86.ActiveCfg = Release|Any CPU
		{59F61E6C-237E-4047-AF03-264A368C09EC}.Debug|Any CPU.ActiveCfg = Debug|Any CPU
		{59F61E6C-237E-4047-AF03-264A368C09EC}.Debug|x64.ActiveCfg = Debug|Any CPU
		{59F61E6C-237E-4047-AF03-264A368C09EC}.Debug|x86.ActiveCfg = Debug|Any CPU
		{59F61E6C-237E-4047-AF03-264A368C09EC}.Release|Any CPU.ActiveCfg = Release|Any CPU
		{59F61E6C-237E-4047-AF03-264A368C09EC}.Release|x64.ActiveCfg = Release|Any CPU
		{59F61E6C-237E-4047-AF03-264A368C09EC}.Release|x86.ActiveCfg = Release|Any CPU
		{35603871-C06F-496B-A32E-1D053A727567}.Debug|Any CPU.ActiveCfg = Debug|Any CPU
		{35603871-C06F-496B-A32E-1D053A727567}.Debug|x64.ActiveCfg = Debug|Any CPU
		{35603871-C06F-496B-A32E-1D053A727567}.Debug|x86.ActiveCfg = Debug|Any CPU
		{35603871-C06F-496B-A32E-1D053A727567}.Release|Any CPU.ActiveCfg = Release|Any CPU
		{35603871-C06F-496B-A32E-1D053A727567}.Release|x64.ActiveCfg = Release|Any CPU
		{35603871-C06F-496B-A32E-1D053A727567}.Release|x86.ActiveCfg = Release|Any CPU
		{AEC320C3-A6BA-426E-B60B-D9A620415543}.Debug|Any CPU.ActiveCfg = Debug|Any CPU
		{AEC320C3-A6BA-426E-B60B-D9A620415543}.Debug|x64.ActiveCfg = Debug|Any CPU
		{AEC320C3-A6BA-426E-B60B-D9A620415543}.Debug|x86.ActiveCfg = Debug|Any CPU
		{AEC320C3-A6BA-426E-B60B-D9A620415543}.Release|Any CPU.ActiveCfg = Release|Any CPU
		{AEC320C3-A6BA-426E-B60B-D9A620415543}.Release|x64.ActiveCfg = Release|Any CPU
		{AEC320C3-A6BA-426E-B60B-D9A620415543}.Release|x86.ActiveCfg = Release|Any CPU
		{C0513120-9A04-4418-88B9-1258FFA4CC4E}.Debug|Any CPU.ActiveCfg = Debug|x64
		{C0513120-9A04-4418-88B9-1258FFA4CC4E}.Debug|Any CPU.Build.0 = Debug|x64
		{C0513120-9A04-4418-88B9-1258FFA4CC4E}.Debug|x64.ActiveCfg = Debug|x64
		{C0513120-9A04-4418-88B9-1258FFA4CC4E}.Debug|x64.Build.0 = Debug|x64
		{C0513120-9A04-4418-88B9-1258FFA4CC4E}.Debug|x86.ActiveCfg = Debug|Win32
		{C0513120-9A04-4418-88B9-1258FFA4CC4E}.Debug|x86.Build.0 = Debug|Win32
		{C0513120-9A04-4418-88B9-1258FFA4CC4E}.Release|Any CPU.ActiveCfg = Release|x64
		{C0513120-9A04-4418-88B9-1258FFA4CC4E}.Release|Any CPU.Build.0 = Release|x64
		{C0513120-9A04-4418-88B9-1258FFA4CC4E}.Release|x64.ActiveCfg = Release|x64
		{C0513120-9A04-4418-88B9-1258FFA4CC4E}.Release|x64.Build.0 = Release|x64
		{C0513120-9A04-4418-88B9-1258FFA4CC4E}.Release|x86.ActiveCfg = Release|Win32
		{C0513120-9A04-4418-88B9-1258FFA4CC4E}.Release|x86.Build.0 = Release|Win32
		{5F4D91C8-BE4E-400E-BAE8-F728B4DA9AF1}.Debug|Any CPU.ActiveCfg = Debug|x64
		{5F4D91C8-BE4E-400E-BAE8-F728B4DA9AF1}.Debug|Any CPU.Build.0 = Debug|x64
		{5F4D91C8-BE4E-400E-BAE8-F728B4DA9AF1}.Debug|x64.ActiveCfg = Debug|x64
		{5F4D91C8-BE4E-400E-BAE8-F728B4DA9AF1}.Debug|x64.Build.0 = Debug|x64
		{5F4D91C8-BE4E-400E-BAE8-F728B4DA9AF1}.Debug|x86.ActiveCfg = Debug|Win32
		{5F4D91C8-BE4E-400E-BAE8-F728B4DA9AF1}.Debug|x86.Build.0 = Debug|Win32
		{5F4D91C8-BE4E-400E-BAE8-F728B4DA9AF1}.Release|Any CPU.ActiveCfg = Release|x64
		{5F4D91C8-BE4E-400E-BAE8-F728B4DA9AF1}.Release|Any CPU.Build.0 = Release|x64
		{5F4D91C8-BE4E-400E-BAE8-F728B4DA9AF1}.Release|x64.ActiveCfg = Release|x64
		{5F4D91C8-BE4E-400E-BAE8-F728B4DA9AF1}.Release|x64.Build.0 = Release|x64
		{5F4D91C8-BE4E-400E-BAE8-F728B4DA9AF1}.Release|x86.ActiveCfg = Release|Win32
		{5F4D91C8-BE4E-400E-BAE8-F728B4DA9AF1}.Release|x86.Build.0 = Release|Win32
		{34536CCB-CCE6-480F-9508-FCEE40306FA2}.Debug|Any CPU.ActiveCfg = Debug|x64
		{34536CCB-CCE6-480F-9508-FCEE40306FA2}.Debug|Any CPU.Build.0 = Debug|x64
		{34536CCB-CCE6-480F-9508-FCEE40306FA2}.Debug|x64.ActiveCfg = Debug|x64
		{34536CCB-CCE6-480F-9508-FCEE40306FA2}.Debug|x64.Build.0 = Debug|x64
		{34536CCB-CCE6-480F-9508-FCEE40306FA2}.Debug|x86.ActiveCfg = Debug|Win32
		{34536CCB-CCE6-480F-9508-FCEE40306FA2}.Debug|x86.Build.0 = Debug|Win32
		{34536CCB-CCE6-480F-9508-FCEE40306FA2}.Release|Any CPU.ActiveCfg = Release|x64
		{34536CCB-CCE6-480F-9508-FCEE40306FA2}.Release|Any CPU.Build.0 = Release|x64
		{34536CCB-CCE6-480F-9508-FCEE40306FA2}.Release|x64.ActiveCfg = Release|x64
		{34536CCB-CCE6-480F-9508-FCEE40306FA2}.Release|x64.Build.0 = Release|x64
		{34536CCB-CCE6-480F-9508-FCEE40306FA2}.Release|x86.ActiveCfg = Release|Win32
		{34536CCB-CCE6-480F-9508-FCEE40306FA2}.Release|x86.Build.0 = Release|Win32
		{4068DAD3-F36F-4A65-AB7D-6ADDE58DEB7B}.Debug|Any CPU.ActiveCfg = Debug|Any CPU
		{4068DAD3-F36F-4A65-AB7D-6ADDE58DEB7B}.Debug|x64.ActiveCfg = Debug|Any CPU
		{4068DAD3-F36F-4A65-AB7D-6ADDE58DEB7B}.Debug|x86.ActiveCfg = Debug|Any CPU
		{4068DAD3-F36F-4A65-AB7D-6ADDE58DEB7B}.Release|Any CPU.ActiveCfg = Release|Any CPU
		{4068DAD3-F36F-4A65-AB7D-6ADDE58DEB7B}.Release|x64.ActiveCfg = Release|Any CPU
		{4068DAD3-F36F-4A65-AB7D-6ADDE58DEB7B}.Release|x86.ActiveCfg = Release|Any CPU
		{D4888470-6768-4C6A-8C5A-E5F7FE0A35B1}.Debug|Any CPU.ActiveCfg = Debug|Any CPU
		{D4888470-6768-4C6A-8C5A-E5F7FE0A35B1}.Debug|x64.ActiveCfg = Debug|Any CPU
		{D4888470-6768-4C6A-8C5A-E5F7FE0A35B1}.Debug|x86.ActiveCfg = Debug|Any CPU
		{D4888470-6768-4C6A-8C5A-E5F7FE0A35B1}.Release|Any CPU.ActiveCfg = Release|Any CPU
		{D4888470-6768-4C6A-8C5A-E5F7FE0A35B1}.Release|x64.ActiveCfg = Release|Any CPU
		{D4888470-6768-4C6A-8C5A-E5F7FE0A35B1}.Release|x86.ActiveCfg = Release|Any CPU
		{B8D3CA4E-1494-4320-8289-67195A8E1D3C}.Debug|Any CPU.ActiveCfg = Debug|Any CPU
		{B8D3CA4E-1494-4320-8289-67195A8E1D3C}.Debug|x64.ActiveCfg = Debug|Any CPU
		{B8D3CA4E-1494-4320-8289-67195A8E1D3C}.Debug|x86.ActiveCfg = Debug|Any CPU
		{B8D3CA4E-1494-4320-8289-67195A8E1D3C}.Release|Any CPU.ActiveCfg = Release|Any CPU
		{B8D3CA4E-1494-4320-8289-67195A8E1D3C}.Release|x64.ActiveCfg = Release|Any CPU
		{B8D3CA4E-1494-4320-8289-67195A8E1D3C}.Release|x86.ActiveCfg = Release|Any CPU
	EndGlobalSection
	GlobalSection(SolutionProperties) = preSolution
		HideSolutionNode = FALSE
	EndGlobalSection
	GlobalSection(ExtensibilityGlobals) = postSolution
		SolutionGuid = {14E3D041-9480-4A95-9664-92CD170ED889}
	EndGlobalSection
EndGlobal
