
Microsoft Visual Studio Solution File, Format Version 12.00
# Visual Studio Version 17
VisualStudioVersion = 17.4.33205.214
MinimumVisualStudioVersion = 10.0.40219.1
Project("{888888A0-9F3D-457C-B088-3A5042F75D52}") = "4A", "4A\4A.pyproj", "{D4BC2864-60BD-4E52-9981-912930F2E0E5}"
EndProject
Project("{888888A0-9F3D-457C-B088-3A5042F75D52}") = "71A", "71A\71A.pyproj", "{FA809DB4-331C-44A6-8432-79FBB7753309}"
EndProject
Global
	GlobalSection(SolutionConfigurationPlatforms) = preSolution
		Debug|Any CPU = Debug|Any CPU
		Release|Any CPU = Release|Any CPU
	EndGlobalSection
	GlobalSection(ProjectConfigurationPlatforms) = postSolution
		{D4BC2864-60BD-4E52-9981-912930F2E0E5}.Debug|Any CPU.ActiveCfg = Debug|Any CPU
		{D4BC2864-60BD-4E52-9981-912930F2E0E5}.Release|Any CPU.ActiveCfg = Release|Any CPU
		{FA809DB4-331C-44A6-8432-79FBB7753309}.Debug|Any CPU.ActiveCfg = Debug|Any CPU
		{FA809DB4-331C-44A6-8432-79FBB7753309}.Release|Any CPU.ActiveCfg = Release|Any CPU
	EndGlobalSection
	GlobalSection(SolutionProperties) = preSolution
		HideSolutionNode = FALSE
	EndGlobalSection
	GlobalSection(ExtensibilityGlobals) = postSolution
		SolutionGuid = {14E3D041-9480-4A95-9664-92CD170ED889}
	EndGlobalSection
EndGlobal
