
Microsoft Visual Studio Solution File, Format Version 12.00
# Visual Studio Version 17
VisualStudioVersion = 17.4.33205.214
MinimumVisualStudioVersion = 10.0.40219.1
Project("{888888A0-9F3D-457C-B088-3A5042F75D52}") = "4A", "4A\4A.pyproj", "{D4BC2864-60BD-4E52-9981-912930F2E0E5}"
EndProject
Project("{888888A0-9F3D-457C-B088-3A5042F75D52}") = "71A", "71A\71A.pyproj", "{FA809DB4-331C-44A6-8432-79FBB7753309}"
EndProject
Project("{888888A0-9F3D-457C-B088-3A5042F75D52}") = "158A", "158A\158A.pyproj", "{20B8CA0D-D786-48AB-A619-1B2DCABC825A}"
EndProject
Project("{888888A0-9F3D-457C-B088-3A5042F75D52}") = "50A", "50A\50A.pyproj", "{CDAFF148-51D6-4333-AD54-89648A4DD645}"
EndProject
Project("{888888A0-9F3D-457C-B088-3A5042F75D52}") = "231A", "231A\231A.pyproj", "{20BDC227-8A72-49A5-B2B6-D502C0750294}"
EndProject
Project("{888888A0-9F3D-457C-B088-3A5042F75D52}") = "1A", "1A\1A.pyproj", "{BB476258-9A49-4F43-91B8-DC280EA9642D}"
EndProject
Project("{888888A0-9F3D-457C-B088-3A5042F75D52}") = "69A", "69A\69A.pyproj", "{8FD42C35-C2EC-43C8-899D-6E712063F3BC}"
EndProject
Project("{888888A0-9F3D-457C-B088-3A5042F75D52}") = "118A", "118A\118A.pyproj", "{D0878B27-D079-4898-96F7-F0D705FC38FB}"
EndProject
Project("{888888A0-9F3D-457C-B088-3A5042F75D52}") = "282A", "282A\282A.pyproj", "{43B4D6BB-839A-488F-8F73-6000B05704D4}"
EndProject
Project("{888888A0-9F3D-457C-B088-3A5042F75D52}") = "263A", "263A\263A.pyproj", "{78378274-9E91-47EC-94F3-0D74ECF53F8D}"
EndProject
Project("{888888A0-9F3D-457C-B088-3A5042F75D52}") = "96A", "96A\96A.pyproj", "{234C4096-E30C-436F-8519-1AE05F36998D}"
EndProject
Project("{888888A0-9F3D-457C-B088-3A5042F75D52}") = "58A", "58A\58A.pyproj", "{42414353-7968-4050-A829-09D4482C37D6}"
EndProject
Project("{888888A0-9F3D-457C-B088-3A5042F75D52}") = "122A", "122A\122A.pyproj", "{3ECBB691-8A85-49A5-82A3-4037E8D8ED33}"
EndProject
Project("{888888A0-9F3D-457C-B088-3A5042F75D52}") = "977A", "977A\977A.pyproj", "{8EAB6123-13C4-45B0-BDD8-A3D91CE1FC72}"
EndProject
Project("{888888A0-9F3D-457C-B088-3A5042F75D52}") = "112A", "112\112A.pyproj", "{3D2D44A0-0A6E-4465-A087-75B728A3C92E}"
EndProject
Project("{888888A0-9F3D-457C-B088-3A5042F75D52}") = "339A", "339A\339A.pyproj", "{D7A83486-AB20-41C5-85CA-69B5122AC9AA}"
EndProject
Project("{888888A0-9F3D-457C-B088-3A5042F75D52}") = "281A", "281A\281A.pyproj", "{12D5ACB7-B4B3-4B68-9117-394EC709FA19}"
EndProject
Project("{888888A0-9F3D-457C-B088-3A5042F75D52}") = "236A", "236A\236A.pyproj", "{174C5C14-A273-44D7-9902-F6A233098723}"
EndProject
Global
	GlobalSection(SolutionConfigurationPlatforms) = preSolution
		Debug|Any CPU = Debug|Any CPU
		Release|Any CPU = Release|Any CPU
	EndGlobalSection
	GlobalSection(ProjectConfigurationPlatforms) = postSolution
		{D4BC2864-60BD-4E52-9981-912930F2E0E5}.Debug|Any CPU.ActiveCfg = Debug|Any CPU
		{D4BC2864-60BD-4E52-9981-912930F2E0E5}.Release|Any CPU.ActiveCfg = Release|Any CPU
		{FA809DB4-331C-44A6-8432-79FBB7753309}.Debug|Any CPU.ActiveCfg = Debug|Any CPU
		{FA809DB4-331C-44A6-8432-79FBB7753309}.Release|Any CPU.ActiveCfg = Release|Any CPU
		{20B8CA0D-D786-48AB-A619-1B2DCABC825A}.Debug|Any CPU.ActiveCfg = Debug|Any CPU
		{20B8CA0D-D786-48AB-A619-1B2DCABC825A}.Release|Any CPU.ActiveCfg = Release|Any CPU
		{CDAFF148-51D6-4333-AD54-89648A4DD645}.Debug|Any CPU.ActiveCfg = Debug|Any CPU
		{CDAFF148-51D6-4333-AD54-89648A4DD645}.Release|Any CPU.ActiveCfg = Release|Any CPU
		{20BDC227-8A72-49A5-B2B6-D502C0750294}.Debug|Any CPU.ActiveCfg = Debug|Any CPU
		{20BDC227-8A72-49A5-B2B6-D502C0750294}.Release|Any CPU.ActiveCfg = Release|Any CPU
		{BB476258-9A49-4F43-91B8-DC280EA9642D}.Debug|Any CPU.ActiveCfg = Debug|Any CPU
		{BB476258-9A49-4F43-91B8-DC280EA9642D}.Release|Any CPU.ActiveCfg = Release|Any CPU
		{8FD42C35-C2EC-43C8-899D-6E712063F3BC}.Debug|Any CPU.ActiveCfg = Debug|Any CPU
		{8FD42C35-C2EC-43C8-899D-6E712063F3BC}.Release|Any CPU.ActiveCfg = Release|Any CPU
		{D0878B27-D079-4898-96F7-F0D705FC38FB}.Debug|Any CPU.ActiveCfg = Debug|Any CPU
		{D0878B27-D079-4898-96F7-F0D705FC38FB}.Release|Any CPU.ActiveCfg = Release|Any CPU
		{43B4D6BB-839A-488F-8F73-6000B05704D4}.Debug|Any CPU.ActiveCfg = Debug|Any CPU
		{43B4D6BB-839A-488F-8F73-6000B05704D4}.Release|Any CPU.ActiveCfg = Release|Any CPU
		{78378274-9E91-47EC-94F3-0D74ECF53F8D}.Debug|Any CPU.ActiveCfg = Debug|Any CPU
		{78378274-9E91-47EC-94F3-0D74ECF53F8D}.Release|Any CPU.ActiveCfg = Release|Any CPU
		{234C4096-E30C-436F-8519-1AE05F36998D}.Debug|Any CPU.ActiveCfg = Debug|Any CPU
		{234C4096-E30C-436F-8519-1AE05F36998D}.Release|Any CPU.ActiveCfg = Release|Any CPU
		{42414353-7968-4050-A829-09D4482C37D6}.Debug|Any CPU.ActiveCfg = Debug|Any CPU
		{42414353-7968-4050-A829-09D4482C37D6}.Release|Any CPU.ActiveCfg = Release|Any CPU
		{3ECBB691-8A85-49A5-82A3-4037E8D8ED33}.Debug|Any CPU.ActiveCfg = Debug|Any CPU
		{3ECBB691-8A85-49A5-82A3-4037E8D8ED33}.Release|Any CPU.ActiveCfg = Release|Any CPU
		{8EAB6123-13C4-45B0-BDD8-A3D91CE1FC72}.Debug|Any CPU.ActiveCfg = Debug|Any CPU
		{8EAB6123-13C4-45B0-BDD8-A3D91CE1FC72}.Release|Any CPU.ActiveCfg = Release|Any CPU
		{3D2D44A0-0A6E-4465-A087-75B728A3C92E}.Debug|Any CPU.ActiveCfg = Debug|Any CPU
		{3D2D44A0-0A6E-4465-A087-75B728A3C92E}.Release|Any CPU.ActiveCfg = Release|Any CPU
		{D7A83486-AB20-41C5-85CA-69B5122AC9AA}.Debug|Any CPU.ActiveCfg = Debug|Any CPU
		{D7A83486-AB20-41C5-85CA-69B5122AC9AA}.Release|Any CPU.ActiveCfg = Release|Any CPU
		{12D5ACB7-B4B3-4B68-9117-394EC709FA19}.Debug|Any CPU.ActiveCfg = Debug|Any CPU
		{12D5ACB7-B4B3-4B68-9117-394EC709FA19}.Release|Any CPU.ActiveCfg = Release|Any CPU
		{174C5C14-A273-44D7-9902-F6A233098723}.Debug|Any CPU.ActiveCfg = Debug|Any CPU
		{174C5C14-A273-44D7-9902-F6A233098723}.Release|Any CPU.ActiveCfg = Release|Any CPU
	EndGlobalSection
	GlobalSection(SolutionProperties) = preSolution
		HideSolutionNode = FALSE
	EndGlobalSection
	GlobalSection(ExtensibilityGlobals) = postSolution
		SolutionGuid = {14E3D041-9480-4A95-9664-92CD170ED889}
	EndGlobalSection
EndGlobal
