
Microsoft Visual Studio Solution File, Format Version 12.00
# Visual Studio Version 17
VisualStudioVersion = 17.4.33205.214
MinimumVisualStudioVersion = 10.0.40219.1
Project("{888888A0-9F3D-457C-B088-3A5042F75D52}") = "CB01", "CB01\CB01.pyproj", "{FD0362E5-6236-473E-B463-8F57012431A1}"
EndProject
Project("{888888A0-9F3D-457C-B088-3A5042F75D52}") = "CB06", "CB06\CB06.pyproj", "{A66C7DEB-62BD-491A-BA4E-DEFF6B512D2F}"
EndProject
Project("{888888A0-9F3D-457C-B088-3A5042F75D52}") = "DK03", "DK03\DK03.pyproj", "{930E08BF-25EC-477A-BA35-617AF2311EA3}"
EndProject
Project("{888888A0-9F3D-457C-B088-3A5042F75D52}") = "DK08", "DK08\DK08.pyproj", "{2D1D643A-1947-48AC-8DA8-EC600336EE61}"
EndProject
Project("{888888A0-9F3D-457C-B088-3A5042F75D52}") = "CB05", "CB05\CB05.pyproj", "{31F3672F-5586-4AF6-BB09-7CDE1FB7FE31}"
EndProject
Project("{888888A0-9F3D-457C-B088-3A5042F75D52}") = "DK02", "DK02\DK02.pyproj", "{BE1EDE40-F7B7-452F-81C2-E2FC812BB139}"
EndProject
Project("{888888A0-9F3D-457C-B088-3A5042F75D52}") = "DK07", "DK07\DK07.pyproj", "{2DAE4031-9E64-4E9B-885F-E0FC8DAC5EB2}"
EndProject
Project("{888888A0-9F3D-457C-B088-3A5042F75D52}") = "SUM1", "SUM1\SUM1.pyproj", "{C311ADB8-4CCC-4726-A20B-4E76000D914A}"
EndProject
Project("{888888A0-9F3D-457C-B088-3A5042F75D52}") = "CB07", "CB07\CB07.pyproj", "{D727A57F-ACF3-4A24-A39C-8635B3B7406C}"
EndProject
Project("{888888A0-9F3D-457C-B088-3A5042F75D52}") = "DK04", "DK04\DK04.pyproj", "{EDF57C54-2537-4B68-AEAD-516A26DCADF2}"
EndProject
Project("{888888A0-9F3D-457C-B088-3A5042F75D52}") = "DK09", "DK09\DK09.pyproj", "{482F43FD-95BC-4661-9A4F-83A3C1F55CDB}"
EndProject
Project("{888888A0-9F3D-457C-B088-3A5042F75D52}") = "VL04", "VL04\VL04.pyproj", "{75B3C1B4-72B1-4F4E-863D-2728E7420AE2}"
EndProject
Project("{888888A0-9F3D-457C-B088-3A5042F75D52}") = "CB03", "CB03\CB03.pyproj", "{EE848F3C-14B5-4770-ACC1-DD7648656955}"
EndProject
Project("{888888A0-9F3D-457C-B088-3A5042F75D52}") = "CB08", "CB08\CB08.pyproj", "{06DB8E63-20D0-4FDF-8BFF-4B501326B4F7}"
EndProject
Project("{888888A0-9F3D-457C-B088-3A5042F75D52}") = "DK05", "DK05\DK05.pyproj", "{C75C4DAF-4796-4448-9390-9075F0F02EE4}"
EndProject
Project("{888888A0-9F3D-457C-B088-3A5042F75D52}") = "DK10", "DK10\DK10.pyproj", "{383A8A8B-EDC2-4C75-9430-13B517E7F072}"
EndProject
Project("{888888A0-9F3D-457C-B088-3A5042F75D52}") = "DK01", "DK01\DK01.pyproj", "{4EA2763C-9D96-4086-B104-0BF09DCFD69C}"
EndProject
Project("{888888A0-9F3D-457C-B088-3A5042F75D52}") = "DK06", "DK06\DK06.pyproj", "{6C04CA70-3597-45C8-A857-18EFC5378B31}"
EndProject
Project("{888888A0-9F3D-457C-B088-3A5042F75D52}") = "VL01", "VL01\VL01.pyproj", "{8116707C-42AE-4D1D-AF51-C4A38A796833}"
EndProject
Project("{888888A0-9F3D-457C-B088-3A5042F75D52}") = "CB02", "CB02\CB02.pyproj", "{53E5E923-0D2A-4A0D-BBF8-63F576F7E776}"
EndProject
Project("{888888A0-9F3D-457C-B088-3A5042F75D52}") = "CB04", "CB04\CB04.pyproj", "{5F5039ED-0857-452E-B4CD-202FC0A27374}"
EndProject
Project("{888888A0-9F3D-457C-B088-3A5042F75D52}") = "VL03", "VL03\VL03.pyproj", "{6EB4D0F7-53CD-4C4D-BCEB-4979AAEA984A}"
EndProject
Project("{888888A0-9F3D-457C-B088-3A5042F75D52}") = "VL05", "VL05\VL05.pyproj", "{E5D3F544-CFBB-4B82-B0B5-05EA5A887645}"
EndProject
Project("{888888A0-9F3D-457C-B088-3A5042F75D52}") = "GT1", "GT1\GT1.pyproj", "{8C685FDE-41E4-4685-B773-B143C9170DC9}"
EndProject
Project("{888888A0-9F3D-457C-B088-3A5042F75D52}") = "VL07", "VL07\VL07.pyproj", "{990A78A3-5F06-487F-8F3B-F31D7810EA40}"
EndProject
Project("{888888A0-9F3D-457C-B088-3A5042F75D52}") = "VL08", "VL08\VL08.pyproj", "{DC039940-0356-4DA4-9740-ADADC456472C}"
EndProject
Project("{888888A0-9F3D-457C-B088-3A5042F75D52}") = "VL09", "VL09\VL09.pyproj", "{06803150-EDCD-4466-9CBE-196BDA9787A2}"
EndProject
Project("{888888A0-9F3D-457C-B088-3A5042F75D52}") = "VL10", "VL10\VL10.pyproj", "{CEBAFDBB-4385-429A-8296-BF4BBEE3FFA2}"
EndProject
Project("{888888A0-9F3D-457C-B088-3A5042F75D52}") = "VL11", "VL11\VL11.pyproj", "{41E0CCE1-3A26-4035-AB2A-C2CD22DFEA14}"
EndProject
Project("{888888A0-9F3D-457C-B088-3A5042F75D52}") = "VL12", "VL12\VL12.pyproj", "{509C6685-60C5-4FC0-8E5E-5BB93BFCC6E6}"
EndProject
Global
	GlobalSection(SolutionConfigurationPlatforms) = preSolution
		Debug|Any CPU = Debug|Any CPU
		Release|Any CPU = Release|Any CPU
	EndGlobalSection
	GlobalSection(ProjectConfigurationPlatforms) = postSolution
		{FD0362E5-6236-473E-B463-8F57012431A1}.Debug|Any CPU.ActiveCfg = Debug|Any CPU
		{FD0362E5-6236-473E-B463-8F57012431A1}.Release|Any CPU.ActiveCfg = Release|Any CPU
		{A66C7DEB-62BD-491A-BA4E-DEFF6B512D2F}.Debug|Any CPU.ActiveCfg = Debug|Any CPU
		{A66C7DEB-62BD-491A-BA4E-DEFF6B512D2F}.Release|Any CPU.ActiveCfg = Release|Any CPU
		{930E08BF-25EC-477A-BA35-617AF2311EA3}.Debug|Any CPU.ActiveCfg = Debug|Any CPU
		{930E08BF-25EC-477A-BA35-617AF2311EA3}.Release|Any CPU.ActiveCfg = Release|Any CPU
		{2D1D643A-1947-48AC-8DA8-EC600336EE61}.Debug|Any CPU.ActiveCfg = Debug|Any CPU
		{2D1D643A-1947-48AC-8DA8-EC600336EE61}.Release|Any CPU.ActiveCfg = Release|Any CPU
		{31F3672F-5586-4AF6-BB09-7CDE1FB7FE31}.Debug|Any CPU.ActiveCfg = Debug|Any CPU
		{31F3672F-5586-4AF6-BB09-7CDE1FB7FE31}.Release|Any CPU.ActiveCfg = Release|Any CPU
		{BE1EDE40-F7B7-452F-81C2-E2FC812BB139}.Debug|Any CPU.ActiveCfg = Debug|Any CPU
		{BE1EDE40-F7B7-452F-81C2-E2FC812BB139}.Release|Any CPU.ActiveCfg = Release|Any CPU
		{2DAE4031-9E64-4E9B-885F-E0FC8DAC5EB2}.Debug|Any CPU.ActiveCfg = Debug|Any CPU
		{2DAE4031-9E64-4E9B-885F-E0FC8DAC5EB2}.Release|Any CPU.ActiveCfg = Release|Any CPU
		{C311ADB8-4CCC-4726-A20B-4E76000D914A}.Debug|Any CPU.ActiveCfg = Debug|Any CPU
		{C311ADB8-4CCC-4726-A20B-4E76000D914A}.Release|Any CPU.ActiveCfg = Release|Any CPU
		{D727A57F-ACF3-4A24-A39C-8635B3B7406C}.Debug|Any CPU.ActiveCfg = Debug|Any CPU
		{D727A57F-ACF3-4A24-A39C-8635B3B7406C}.Release|Any CPU.ActiveCfg = Release|Any CPU
		{EDF57C54-2537-4B68-AEAD-516A26DCADF2}.Debug|Any CPU.ActiveCfg = Debug|Any CPU
		{EDF57C54-2537-4B68-AEAD-516A26DCADF2}.Release|Any CPU.ActiveCfg = Release|Any CPU
		{482F43FD-95BC-4661-9A4F-83A3C1F55CDB}.Debug|Any CPU.ActiveCfg = Debug|Any CPU
		{482F43FD-95BC-4661-9A4F-83A3C1F55CDB}.Release|Any CPU.ActiveCfg = Release|Any CPU
		{75B3C1B4-72B1-4F4E-863D-2728E7420AE2}.Debug|Any CPU.ActiveCfg = Debug|Any CPU
		{75B3C1B4-72B1-4F4E-863D-2728E7420AE2}.Release|Any CPU.ActiveCfg = Release|Any CPU
		{EE848F3C-14B5-4770-ACC1-DD7648656955}.Debug|Any CPU.ActiveCfg = Debug|Any CPU
		{EE848F3C-14B5-4770-ACC1-DD7648656955}.Release|Any CPU.ActiveCfg = Release|Any CPU
		{06DB8E63-20D0-4FDF-8BFF-4B501326B4F7}.Debug|Any CPU.ActiveCfg = Debug|Any CPU
		{06DB8E63-20D0-4FDF-8BFF-4B501326B4F7}.Release|Any CPU.ActiveCfg = Release|Any CPU
		{C75C4DAF-4796-4448-9390-9075F0F02EE4}.Debug|Any CPU.ActiveCfg = Debug|Any CPU
		{C75C4DAF-4796-4448-9390-9075F0F02EE4}.Release|Any CPU.ActiveCfg = Release|Any CPU
		{383A8A8B-EDC2-4C75-9430-13B517E7F072}.Debug|Any CPU.ActiveCfg = Debug|Any CPU
		{383A8A8B-EDC2-4C75-9430-13B517E7F072}.Release|Any CPU.ActiveCfg = Release|Any CPU
		{4EA2763C-9D96-4086-B104-0BF09DCFD69C}.Debug|Any CPU.ActiveCfg = Debug|Any CPU
		{4EA2763C-9D96-4086-B104-0BF09DCFD69C}.Release|Any CPU.ActiveCfg = Release|Any CPU
		{6C04CA70-3597-45C8-A857-18EFC5378B31}.Debug|Any CPU.ActiveCfg = Debug|Any CPU
		{6C04CA70-3597-45C8-A857-18EFC5378B31}.Release|Any CPU.ActiveCfg = Release|Any CPU
		{8116707C-42AE-4D1D-AF51-C4A38A796833}.Debug|Any CPU.ActiveCfg = Debug|Any CPU
		{8116707C-42AE-4D1D-AF51-C4A38A796833}.Release|Any CPU.ActiveCfg = Release|Any CPU
		{53E5E923-0D2A-4A0D-BBF8-63F576F7E776}.Debug|Any CPU.ActiveCfg = Debug|Any CPU
		{53E5E923-0D2A-4A0D-BBF8-63F576F7E776}.Release|Any CPU.ActiveCfg = Release|Any CPU
		{5F5039ED-0857-452E-B4CD-202FC0A27374}.Debug|Any CPU.ActiveCfg = Debug|Any CPU
		{5F5039ED-0857-452E-B4CD-202FC0A27374}.Release|Any CPU.ActiveCfg = Release|Any CPU
		{6EB4D0F7-53CD-4C4D-BCEB-4979AAEA984A}.Debug|Any CPU.ActiveCfg = Debug|Any CPU
		{6EB4D0F7-53CD-4C4D-BCEB-4979AAEA984A}.Release|Any CPU.ActiveCfg = Release|Any CPU
		{E5D3F544-CFBB-4B82-B0B5-05EA5A887645}.Debug|Any CPU.ActiveCfg = Debug|Any CPU
		{E5D3F544-CFBB-4B82-B0B5-05EA5A887645}.Release|Any CPU.ActiveCfg = Release|Any CPU
		{8C685FDE-41E4-4685-B773-B143C9170DC9}.Debug|Any CPU.ActiveCfg = Debug|Any CPU
		{8C685FDE-41E4-4685-B773-B143C9170DC9}.Release|Any CPU.ActiveCfg = Release|Any CPU
		{990A78A3-5F06-487F-8F3B-F31D7810EA40}.Debug|Any CPU.ActiveCfg = Debug|Any CPU
		{990A78A3-5F06-487F-8F3B-F31D7810EA40}.Release|Any CPU.ActiveCfg = Release|Any CPU
		{DC039940-0356-4DA4-9740-ADADC456472C}.Debug|Any CPU.ActiveCfg = Debug|Any CPU
		{DC039940-0356-4DA4-9740-ADADC456472C}.Release|Any CPU.ActiveCfg = Release|Any CPU
		{06803150-EDCD-4466-9CBE-196BDA9787A2}.Debug|Any CPU.ActiveCfg = Debug|Any CPU
		{06803150-EDCD-4466-9CBE-196BDA9787A2}.Release|Any CPU.ActiveCfg = Release|Any CPU
		{CEBAFDBB-4385-429A-8296-BF4BBEE3FFA2}.Debug|Any CPU.ActiveCfg = Debug|Any CPU
		{CEBAFDBB-4385-429A-8296-BF4BBEE3FFA2}.Release|Any CPU.ActiveCfg = Release|Any CPU
		{41E0CCE1-3A26-4035-AB2A-C2CD22DFEA14}.Debug|Any CPU.ActiveCfg = Debug|Any CPU
		{41E0CCE1-3A26-4035-AB2A-C2CD22DFEA14}.Release|Any CPU.ActiveCfg = Release|Any CPU
		{509C6685-60C5-4FC0-8E5E-5BB93BFCC6E6}.Debug|Any CPU.ActiveCfg = Debug|Any CPU
		{509C6685-60C5-4FC0-8E5E-5BB93BFCC6E6}.Release|Any CPU.ActiveCfg = Release|Any CPU
	EndGlobalSection
	GlobalSection(SolutionProperties) = preSolution
		HideSolutionNode = FALSE
	EndGlobalSection
	GlobalSection(ExtensibilityGlobals) = postSolution
		SolutionGuid = {37AFA93D-1743-4D42-8C75-00CDA9571DCB}
	EndGlobalSection
EndGlobal
